
Microsoft Visual Studio Solution File, Format Version 12.00
# Visual Studio Version 16
VisualStudioVersion = 16.0.34729.46
MinimumVisualStudioVersion = 10.0.40219.1
Project("{FAE04EC0-301F-11D3-BF4B-00C04F79EFBC}") = "HQ", "HQ\HQ.csproj", "{ECA768D9-F6EA-423E-AA00-46FF184E8B8D}"
EndProject
Project("{FAE04EC0-301F-11D3-BF4B-00C04F79EFBC}") = "HQBackSite", "HQBackSite\HQBackSite.csproj", "{C430DD55-B0E9-4DFD-B60C-544CD5EED164}"
EndProject
Global
	GlobalSection(SolutionConfigurationPlatforms) = preSolution
		Debug|Any CPU = Debug|Any CPU
		Release|Any CPU = Release|Any CPU
	EndGlobalSection
	GlobalSection(ProjectConfigurationPlatforms) = postSolution
		{ECA768D9-F6EA-423E-AA00-46FF184E8B8D}.Debug|Any CPU.ActiveCfg = Debug|Any CPU
		{ECA768D9-F6EA-423E-AA00-46FF184E8B8D}.Debug|Any CPU.Build.0 = Debug|Any CPU
		{ECA768D9-F6EA-423E-AA00-46FF184E8B8D}.Release|Any CPU.ActiveCfg = Release|Any CPU
		{ECA768D9-F6EA-423E-AA00-46FF184E8B8D}.Release|Any CPU.Build.0 = Release|Any CPU
		{C430DD55-B0E9-4DFD-B60C-544CD5EED164}.Debug|Any CPU.ActiveCfg = Debug|Any CPU
		{C430DD55-B0E9-4DFD-B60C-544CD5EED164}.Debug|Any CPU.Build.0 = Debug|Any CPU
		{C430DD55-B0E9-4DFD-B60C-544CD5EED164}.Release|Any CPU.ActiveCfg = Release|Any CPU
		{C430DD55-B0E9-4DFD-B60C-544CD5EED164}.Release|Any CPU.Build.0 = Release|Any CPU
	EndGlobalSection
	GlobalSection(SolutionProperties) = preSolution
		HideSolutionNode = FALSE
	EndGlobalSection
	GlobalSection(ExtensibilityGlobals) = postSolution
		SolutionGuid = {B10E7EDC-623F-4A03-A797-08586626E27D}
	EndGlobalSection
EndGlobal
